{
  "name": "iina-plugin-danmaku",
  "lockfileVersion": 3,
  "requires": true,
  "packages": {
    "": {
      "dependencies": {
        "comment-core-library": "github:xjbeta/CommentCoreLibrary#iina-grunt",
        "iina-plugin-definition": "^0.0.6"
      }
    },
    "node_modules/coffeescript": {
      "version": "2.7.0",
      "resolved": "https://registry.npmjs.org/coffeescript/-/coffeescript-2.7.0.tgz",
      "integrity": "sha512-hzWp6TUE2d/jCcN67LrW1eh5b/rSDKQK6oD6VMLlggYVUUFexgTH9z3dNYihzX4RMhze5FTUsUmOXViJKFQR/A==",
      "license": "MIT",
      "bin": {
        "cake": "bin/cake",
        "coffee": "bin/coffee"
      },
      "engines": {
        "node": ">=6"
      }
    },
    "node_modules/comment-core-library": {
      "version": "0.11.1",
      "resolved": "git+ssh://git@github.com/xjbeta/CommentCoreLibrary.git#34891f322c2e6b3b3a35ad2ca5e72860089529d6",
      "license": "MIT",
      "dependencies": {
        "coffeescript": "^2.7.0"
      }
    },
    "node_modules/iina-plugin-definition": {
      "version": "0.0.6",
      "resolved": "https://registry.npmjs.org/iina-plugin-definition/-/iina-plugin-definition-0.0.6.tgz",
      "integrity": "sha512-SvCymtEniz3OGAMBrKEnvb/3JP2Vo42gJmFyrcmzrssVnW3eHUvhYTzo7Dpca2gji1ijvwPlDBBy+99Y/RYGWQ==",
      "license": "MIT"
    }
  }
}
