{
  "name": "iina-plugin-danmaku",
  "lockfileVersion": 3,
  "requires": true,
  "packages": {
    "": {
      "dependencies": {
        "comment-core-library": "github:xjbeta/CommentCoreLibrary#iina-grunt",
        "iina-plugin-definition": "^0.0.6"
      }
    },
    "node_modules/comment-core-library": {
      "version": "0.11.1",
      "resolved": "git+ssh://git@github.com/xjbeta/CommentCoreLibrary.git#4493146ba27c75ff200e01be084b432c93184623",
      "license": "MIT"
    },
    "node_modules/iina-plugin-definition": {
      "version": "0.0.6",
      "resolved": "https://registry.npmjs.org/iina-plugin-definition/-/iina-plugin-definition-0.0.6.tgz",
      "integrity": "sha512-SvCymtEniz3OGAMBrKEnvb/3JP2Vo42gJmFyrcmzrssVnW3eHUvhYTzo7Dpca2gji1ijvwPlDBBy+99Y/RYGWQ=="
    }
  }
}
