{
  "name": "iina-plugin-danmaku",
  "lockfileVersion": 3,
  "requires": true,
  "packages": {
    "": {
      "dependencies": {
        "comment-core-library": "github:xjbeta/CommentCoreLibrary#iina-grunt",
        "iina-plugin-definition": "^0.99.3"
      }
    },
    "node_modules/comment-core-library": {
      "version": "0.11.1",
      "resolved": "git+ssh://git@github.com/xjbeta/CommentCoreLibrary.git#5ab046cf48c06dd418106afcbb7e4db66aade6b2",
      "license": "MIT"
    },
    "node_modules/iina-plugin-definition": {
      "version": "0.99.4",
      "resolved": "https://registry.npmjs.org/iina-plugin-definition/-/iina-plugin-definition-0.99.4.tgz",
      "integrity": "sha512-pfPMP+4OrtqSq/n+3eBgVB5mVsfsjYHcFmQEo+tCyexB3evDpQkdeFdVanrr0OHjx2CPJAB5YUMS5lTz70e8Ag==",
      "license": "MIT"
    }
  }
}
